
Microsoft Visual Studio Solution File, Format Version 12.00
# Visual Studio 14
VisualStudioVersion = 14.0.25420.1
MinimumVisualStudioVersion = 10.0.40219.1
Project("{FAE04EC0-301F-11D3-BF4B-00C04F79EFBC}") = "ProjectForm", "ProjectForm\ProjectForm.csproj", "{979FED3D-BB2C-4B3D-A434-6A4C41F73A3E}"
EndProject
Project("{FAE04EC0-301F-11D3-BF4B-00C04F79EFBC}") = "EmployeeProjectReviewSchedulerBL", "EmployeeProjectReviewSchedulerBL\EmployeeProjectReviewSchedulerBL.csproj", "{AC963C12-336C-4880-BBB3-B2F0E37AB2A2}"
EndProject
Project("{FAE04EC0-301F-11D3-BF4B-00C04F79EFBC}") = "EmployeeProjectReviewSchedulerDAL", "EmployeeProjectReviewSchedulerDAL\EmployeeProjectReviewSchedulerDAL.csproj", "{42C6BA71-C0B5-42C9-B678-D93B52B53F8D}"
EndProject
Project("{FAE04EC0-301F-11D3-BF4B-00C04F79EFBC}") = "EmployeeProjectReviewSchedulerCommon", "EmployeeProjectReviewSchedulerCommon\EmployeeProjectReviewSchedulerCommon.csproj", "{53384A10-B421-4923-8721-A59639DFF51F}"
EndProject
Project("{FAE04EC0-301F-11D3-BF4B-00C04F79EFBC}") = "EmployeeProjectReviewSchedulerEntity", "EmployeeProjectReviewSchedulerEntity\EmployeeProjectReviewSchedulerEntity.csproj", "{77FDF3AB-BF2B-4500-BB24-70890E21CC8F}"
EndProject
Global
	GlobalSection(SolutionConfigurationPlatforms) = preSolution
		Debug|Any CPU = Debug|Any CPU
		Release|Any CPU = Release|Any CPU
	EndGlobalSection
	GlobalSection(ProjectConfigurationPlatforms) = postSolution
		{979FED3D-BB2C-4B3D-A434-6A4C41F73A3E}.Debug|Any CPU.ActiveCfg = Debug|Any CPU
		{979FED3D-BB2C-4B3D-A434-6A4C41F73A3E}.Debug|Any CPU.Build.0 = Debug|Any CPU
		{979FED3D-BB2C-4B3D-A434-6A4C41F73A3E}.Release|Any CPU.ActiveCfg = Release|Any CPU
		{979FED3D-BB2C-4B3D-A434-6A4C41F73A3E}.Release|Any CPU.Build.0 = Release|Any CPU
		{AC963C12-336C-4880-BBB3-B2F0E37AB2A2}.Debug|Any CPU.ActiveCfg = Debug|Any CPU
		{AC963C12-336C-4880-BBB3-B2F0E37AB2A2}.Debug|Any CPU.Build.0 = Debug|Any CPU
		{AC963C12-336C-4880-BBB3-B2F0E37AB2A2}.Release|Any CPU.ActiveCfg = Release|Any CPU
		{AC963C12-336C-4880-BBB3-B2F0E37AB2A2}.Release|Any CPU.Build.0 = Release|Any CPU
		{42C6BA71-C0B5-42C9-B678-D93B52B53F8D}.Debug|Any CPU.ActiveCfg = Debug|Any CPU
		{42C6BA71-C0B5-42C9-B678-D93B52B53F8D}.Debug|Any CPU.Build.0 = Debug|Any CPU
		{42C6BA71-C0B5-42C9-B678-D93B52B53F8D}.Release|Any CPU.ActiveCfg = Release|Any CPU
		{42C6BA71-C0B5-42C9-B678-D93B52B53F8D}.Release|Any CPU.Build.0 = Release|Any CPU
		{53384A10-B421-4923-8721-A59639DFF51F}.Debug|Any CPU.ActiveCfg = Debug|Any CPU
		{53384A10-B421-4923-8721-A59639DFF51F}.Debug|Any CPU.Build.0 = Debug|Any CPU
		{53384A10-B421-4923-8721-A59639DFF51F}.Release|Any CPU.ActiveCfg = Release|Any CPU
		{53384A10-B421-4923-8721-A59639DFF51F}.Release|Any CPU.Build.0 = Release|Any CPU
		{77FDF3AB-BF2B-4500-BB24-70890E21CC8F}.Debug|Any CPU.ActiveCfg = Debug|Any CPU
		{77FDF3AB-BF2B-4500-BB24-70890E21CC8F}.Debug|Any CPU.Build.0 = Debug|Any CPU
		{77FDF3AB-BF2B-4500-BB24-70890E21CC8F}.Release|Any CPU.ActiveCfg = Release|Any CPU
		{77FDF3AB-BF2B-4500-BB24-70890E21CC8F}.Release|Any CPU.Build.0 = Release|Any CPU
	EndGlobalSection
	GlobalSection(SolutionProperties) = preSolution
		HideSolutionNode = FALSE
	EndGlobalSection
EndGlobal
